// !$*UTF8*$!
{
	archiveVersion = 1;
	classes = {
	};
	objectVersion = 56;
	objects = {

/* Begin PBXBuildFile section */
		C9285F9628EFF82F00B47F11 /* HRmaxStruct.swift in Sources */ = {isa = PBXBuildFile; fileRef = C9285F9528EFF82F00B47F11 /* HRmaxStruct.swift */; };
		C9285F9828EFFA2E00B47F11 /* HRmaxViewModel.swift in Sources */ = {isa = PBXBuildFile; fileRef = C9285F9728EFFA2E00B47F11 /* HRmaxViewModel.swift */; };
		C9285F9A28F00E9900B47F11 /* BmiStruct.swift in Sources */ = {isa = PBXBuildFile; fileRef = C9285F9928F00E9900B47F11 /* BmiStruct.swift */; };
		C9285F9C28F00F2800B47F11 /* BmiViewModel.swift in Sources */ = {isa = PBXBuildFile; fileRef = C9285F9B28F00F2800B47F11 /* BmiViewModel.swift */; };
		C9285F9E28F01B9500B47F11 /* SharedData.swift in Sources */ = {isa = PBXBuildFile; fileRef = C9285F9D28F01B9500B47F11 /* SharedData.swift */; };
		C9285FA228F01BE700B47F11 /* MapView.swift in Sources */ = {isa = PBXBuildFile; fileRef = C9285FA028F01BE700B47F11 /* MapView.swift */; };
		C9285FA328F01BE700B47F11 /* Map.swift in Sources */ = {isa = PBXBuildFile; fileRef = C9285FA128F01BE700B47F11 /* Map.swift */; };
		C9285FB328F0274100B47F11 /* Resoults.xcdatamodeld in Sources */ = {isa = PBXBuildFile; fileRef = C9285FAF28F0274100B47F11 /* Resoults.xcdatamodeld */; };
		C9285FB428F0274100B47F11 /* Persistance.swift in Sources */ = {isa = PBXBuildFile; fileRef = C9285FB128F0274100B47F11 /* Persistance.swift */; };
		C9285FB528F0274100B47F11 /* DataBaseView.swift in Sources */ = {isa = PBXBuildFile; fileRef = C9285FB228F0274100B47F11 /* DataBaseView.swift */; };
		C9285FB728F0275300B47F11 /* RankingPoints.swift in Sources */ = {isa = PBXBuildFile; fileRef = C9285FB628F0275300B47F11 /* RankingPoints.swift */; };
		C9285FB928F02A3200B47F11 /* MainPageView.swift in Sources */ = {isa = PBXBuildFile; fileRef = C9285FB828F02A3200B47F11 /* MainPageView.swift */; };
		C9285FBE28F02C7300B47F11 /* Localization.swift in Sources */ = {isa = PBXBuildFile; fileRef = C9285FBB28F02C7300B47F11 /* Localization.swift */; };
		C9285FBF28F02C7300B47F11 /* SimulatioScoreView.swift in Sources */ = {isa = PBXBuildFile; fileRef = C9285FBC28F02C7300B47F11 /* SimulatioScoreView.swift */; };
		C9285FC028F02C7300B47F11 /* DaysTo.swift in Sources */ = {isa = PBXBuildFile; fileRef = C9285FBD28F02C7300B47F11 /* DaysTo.swift */; };
		C9285FC228F02E1A00B47F11 /* DeviceLocationService.swift in Sources */ = {isa = PBXBuildFile; fileRef = C9285FC128F02E1A00B47F11 /* DeviceLocationService.swift */; };
		C9EACE1B28EF4B170026635E /* AcademyRecruitApp.swift in Sources */ = {isa = PBXBuildFile; fileRef = C9EACE1A28EF4B170026635E /* AcademyRecruitApp.swift */; };
		C9EACE1D28EF4B170026635E /* ContentView.swift in Sources */ = {isa = PBXBuildFile; fileRef = C9EACE1C28EF4B170026635E /* ContentView.swift */; };
		C9EACE1F28EF4B180026635E /* Assets.xcassets in Resources */ = {isa = PBXBuildFile; fileRef = C9EACE1E28EF4B180026635E /* Assets.xcassets */; };
		C9EACE2228EF4B180026635E /* Preview Assets.xcassets in Resources */ = {isa = PBXBuildFile; fileRef = C9EACE2128EF4B180026635E /* Preview Assets.xcassets */; };
		C9EACE2928EF664B0026635E /* SwipeMenuView.swift in Sources */ = {isa = PBXBuildFile; fileRef = C9EACE2828EF664B0026635E /* SwipeMenuView.swift */; };
		C9EACE2C28EF66AD0026635E /* NewsView.swift in Sources */ = {isa = PBXBuildFile; fileRef = C9EACE2B28EF66AD0026635E /* NewsView.swift */; };
		C9EACE2E28EF66FC0026635E /* WebView.swift in Sources */ = {isa = PBXBuildFile; fileRef = C9EACE2D28EF66FC0026635E /* WebView.swift */; };
		C9EACE3028EF67140026635E /* GitView.swift in Sources */ = {isa = PBXBuildFile; fileRef = C9EACE2F28EF67140026635E /* GitView.swift */; };
		C9EACE3528EF67C00026635E /* HRmaxView.swift in Sources */ = {isa = PBXBuildFile; fileRef = C9EACE3228EF67C00026635E /* HRmaxView.swift */; };
		C9EACE3628EF67C00026635E /* BmiCalc.swift in Sources */ = {isa = PBXBuildFile; fileRef = C9EACE3328EF67C00026635E /* BmiCalc.swift */; };
		C9EACE3728EF67C00026635E /* FitnessCalc.swift in Sources */ = {isa = PBXBuildFile; fileRef = C9EACE3428EF67C00026635E /* FitnessCalc.swift */; };
		C9EACE3C28EF6A2F0026635E /* CalendarViewProper .swift in Sources */ = {isa = PBXBuildFile; fileRef = C9EACE3B28EF6A2F0026635E /* CalendarViewProper .swift */; };
		C9EACE3F28EF6ACD0026635E /* TaskViewModel.swift in Sources */ = {isa = PBXBuildFile; fileRef = C9EACE3E28EF6ACD0026635E /* TaskViewModel.swift */; };
		C9EACE4228EF6AD70026635E /* Task.swift in Sources */ = {isa = PBXBuildFile; fileRef = C9EACE4128EF6AD70026635E /* Task.swift */; };
/* End PBXBuildFile section */

/* Begin PBXFileReference section */
		C9285F9528EFF82F00B47F11 /* HRmaxStruct.swift */ = {isa = PBXFileReference; lastKnownFileType = sourcecode.swift; path = HRmaxStruct.swift; sourceTree = "<group>"; };
		C9285F9728EFFA2E00B47F11 /* HRmaxViewModel.swift */ = {isa = PBXFileReference; lastKnownFileType = sourcecode.swift; path = HRmaxViewModel.swift; sourceTree = "<group>"; };
		C9285F9928F00E9900B47F11 /* BmiStruct.swift */ = {isa = PBXFileReference; lastKnownFileType = sourcecode.swift; path = BmiStruct.swift; sourceTree = "<group>"; };
		C9285F9B28F00F2800B47F11 /* BmiViewModel.swift */ = {isa = PBXFileReference; lastKnownFileType = sourcecode.swift; path = BmiViewModel.swift; sourceTree = "<group>"; };
		C9285F9D28F01B9500B47F11 /* SharedData.swift */ = {isa = PBXFileReference; lastKnownFileType = sourcecode.swift; path = SharedData.swift; sourceTree = "<group>"; };
		C9285FA028F01BE700B47F11 /* MapView.swift */ = {isa = PBXFileReference; fileEncoding = 4; lastKnownFileType = sourcecode.swift; path = MapView.swift; sourceTree = "<group>"; };
		C9285FA128F01BE700B47F11 /* Map.swift */ = {isa = PBXFileReference; fileEncoding = 4; lastKnownFileType = sourcecode.swift; path = Map.swift; sourceTree = "<group>"; };
		C9285FB028F0274100B47F11 /* Resoults.xcdatamodel */ = {isa = PBXFileReference; lastKnownFileType = wrapper.xcdatamodel; path = Resoults.xcdatamodel; sourceTree = "<group>"; };
		C9285FB128F0274100B47F11 /* Persistance.swift */ = {isa = PBXFileReference; fileEncoding = 4; lastKnownFileType = sourcecode.swift; path = Persistance.swift; sourceTree = "<group>"; };
		C9285FB228F0274100B47F11 /* DataBaseView.swift */ = {isa = PBXFileReference; fileEncoding = 4; lastKnownFileType = sourcecode.swift; path = DataBaseView.swift; sourceTree = "<group>"; };
		C9285FB628F0275300B47F11 /* RankingPoints.swift */ = {isa = PBXFileReference; fileEncoding = 4; lastKnownFileType = sourcecode.swift; name = RankingPoints.swift; path = ../../../ForestSurvive/ForestSurvive/RankingPoints.swift; sourceTree = "<group>"; };
		C9285FB828F02A3200B47F11 /* MainPageView.swift */ = {isa = PBXFileReference; lastKnownFileType = sourcecode.swift; path = MainPageView.swift; sourceTree = "<group>"; };
		C9285FBB28F02C7300B47F11 /* Localization.swift */ = {isa = PBXFileReference; fileEncoding = 4; lastKnownFileType = sourcecode.swift; path = Localization.swift; sourceTree = "<group>"; };
		C9285FBC28F02C7300B47F11 /* SimulatioScoreView.swift */ = {isa = PBXFileReference; fileEncoding = 4; lastKnownFileType = sourcecode.swift; path = SimulatioScoreView.swift; sourceTree = "<group>"; };
		C9285FBD28F02C7300B47F11 /* DaysTo.swift */ = {isa = PBXFileReference; fileEncoding = 4; lastKnownFileType = sourcecode.swift; path = DaysTo.swift; sourceTree = "<group>"; };
		C9285FC128F02E1A00B47F11 /* DeviceLocationService.swift */ = {isa = PBXFileReference; fileEncoding = 4; lastKnownFileType = sourcecode.swift; path = DeviceLocationService.swift; sourceTree = "<group>"; };
		C9EACE1728EF4B170026635E /* AcademyRecruit.app */ = {isa = PBXFileReference; explicitFileType = wrapper.application; includeInIndex = 0; path = AcademyRecruit.app; sourceTree = BUILT_PRODUCTS_DIR; };
		C9EACE1A28EF4B170026635E /* AcademyRecruitApp.swift */ = {isa = PBXFileReference; lastKnownFileType = sourcecode.swift; path = AcademyRecruitApp.swift; sourceTree = "<group>"; };
		C9EACE1C28EF4B170026635E /* ContentView.swift */ = {isa = PBXFileReference; lastKnownFileType = sourcecode.swift; path = ContentView.swift; sourceTree = "<group>"; };
		C9EACE1E28EF4B180026635E /* Assets.xcassets */ = {isa = PBXFileReference; lastKnownFileType = folder.assetcatalog; path = Assets.xcassets; sourceTree = "<group>"; };
		C9EACE2128EF4B180026635E /* Preview Assets.xcassets */ = {isa = PBXFileReference; lastKnownFileType = folder.assetcatalog; path = "Preview Assets.xcassets"; sourceTree = "<group>"; };
		C9EACE2828EF664B0026635E /* SwipeMenuView.swift */ = {isa = PBXFileReference; lastKnownFileType = sourcecode.swift; path = SwipeMenuView.swift; sourceTree = "<group>"; };
		C9EACE2B28EF66AD0026635E /* NewsView.swift */ = {isa = PBXFileReference; lastKnownFileType = sourcecode.swift; path = NewsView.swift; sourceTree = "<group>"; };
		C9EACE2D28EF66FC0026635E /* WebView.swift */ = {isa = PBXFileReference; fileEncoding = 4; lastKnownFileType = sourcecode.swift; path = WebView.swift; sourceTree = "<group>"; };
		C9EACE2F28EF67140026635E /* GitView.swift */ = {isa = PBXFileReference; lastKnownFileType = sourcecode.swift; path = GitView.swift; sourceTree = "<group>"; };
		C9EACE3228EF67C00026635E /* HRmaxView.swift */ = {isa = PBXFileReference; fileEncoding = 4; lastKnownFileType = sourcecode.swift; path = HRmaxView.swift; sourceTree = "<group>"; };
		C9EACE3328EF67C00026635E /* BmiCalc.swift */ = {isa = PBXFileReference; fileEncoding = 4; lastKnownFileType = sourcecode.swift; path = BmiCalc.swift; sourceTree = "<group>"; };
		C9EACE3428EF67C00026635E /* FitnessCalc.swift */ = {isa = PBXFileReference; fileEncoding = 4; lastKnownFileType = sourcecode.swift; path = FitnessCalc.swift; sourceTree = "<group>"; };
		C9EACE3B28EF6A2F0026635E /* CalendarViewProper .swift */ = {isa = PBXFileReference; lastKnownFileType = sourcecode.swift; path = "CalendarViewProper .swift"; sourceTree = "<group>"; };
		C9EACE3E28EF6ACD0026635E /* TaskViewModel.swift */ = {isa = PBXFileReference; fileEncoding = 4; lastKnownFileType = sourcecode.swift; path = TaskViewModel.swift; sourceTree = "<group>"; };
		C9EACE4128EF6AD70026635E /* Task.swift */ = {isa = PBXFileReference; fileEncoding = 4; lastKnownFileType = sourcecode.swift; path = Task.swift; sourceTree = "<group>"; };
/* End PBXFileReference section */

/* Begin PBXFrameworksBuildPhase section */
		C9EACE1428EF4B170026635E /* Frameworks */ = {
			isa = PBXFrameworksBuildPhase;
			buildActionMask = 2147483647;
			files = (
			);
			runOnlyForDeploymentPostprocessing = 0;
		};
/* End PBXFrameworksBuildPhase section */

/* Begin PBXGroup section */
		C9285F9F28F01BC700B47F11 /* Map */ = {
			isa = PBXGroup;
			children = (
				C9285FC128F02E1A00B47F11 /* DeviceLocationService.swift */,
				C9285F9D28F01B9500B47F11 /* SharedData.swift */,
				C9285FA128F01BE700B47F11 /* Map.swift */,
				C9285FA028F01BE700B47F11 /* MapView.swift */,
			);
			path = Map;
			sourceTree = "<group>";
		};
		C9285FAE28F0274100B47F11 /* DataBase */ = {
			isa = PBXGroup;
			children = (
				C9285FAF28F0274100B47F11 /* Resoults.xcdatamodeld */,
				C9285FB128F0274100B47F11 /* Persistance.swift */,
				C9285FB228F0274100B47F11 /* DataBaseView.swift */,
			);
			name = DataBase;
			path = FitnessCalc/DataBase;
			sourceTree = "<group>";
		};
		C9285FBA28F02C7300B47F11 /* Bar */ = {
			isa = PBXGroup;
			children = (
				C9285FBB28F02C7300B47F11 /* Localization.swift */,
				C9285FBC28F02C7300B47F11 /* SimulatioScoreView.swift */,
				C9285FBD28F02C7300B47F11 /* DaysTo.swift */,
			);
			path = Bar;
			sourceTree = "<group>";
		};
		C9EACE0E28EF4B170026635E = {
			isa = PBXGroup;
			children = (
				C9EACE1928EF4B170026635E /* AcademyRecruit */,
				C9EACE1828EF4B170026635E /* Products */,
			);
			sourceTree = "<group>";
		};
		C9EACE1828EF4B170026635E /* Products */ = {
			isa = PBXGroup;
			children = (
				C9EACE1728EF4B170026635E /* AcademyRecruit.app */,
			);
			name = Products;
			sourceTree = "<group>";
		};
		C9EACE1928EF4B170026635E /* AcademyRecruit */ = {
			isa = PBXGroup;
			children = (
				C9EACE1A28EF4B170026635E /* AcademyRecruitApp.swift */,
				C9EACE1C28EF4B170026635E /* ContentView.swift */,
				C9EACE2A28EF66850026635E /* Views */,
				C9EACE1E28EF4B180026635E /* Assets.xcassets */,
				C9EACE2028EF4B180026635E /* Preview Content */,
			);
			path = AcademyRecruit;
			sourceTree = "<group>";
		};
		C9EACE2028EF4B180026635E /* Preview Content */ = {
			isa = PBXGroup;
			children = (
				C9EACE2128EF4B180026635E /* Preview Assets.xcassets */,
			);
			path = "Preview Content";
			sourceTree = "<group>";
		};
		C9EACE2A28EF66850026635E /* Views */ = {
			isa = PBXGroup;
			children = (
				C9285FBA28F02C7300B47F11 /* Bar */,
				C9285F9F28F01BC700B47F11 /* Map */,
				C9EACE3828EF69E20026635E /* Calendar */,
				C9285FAE28F0274100B47F11 /* DataBase */,
				C9EACE3128EF67B50026635E /* FitnessCalc */,
				C9EACE2828EF664B0026635E /* SwipeMenuView.swift */,
				C9285FB828F02A3200B47F11 /* MainPageView.swift */,
				C9285FB628F0275300B47F11 /* RankingPoints.swift */,
				C9EACE2F28EF67140026635E /* GitView.swift */,
				C9EACE2B28EF66AD0026635E /* NewsView.swift */,
				C9EACE2D28EF66FC0026635E /* WebView.swift */,
			);
			path = Views;
			sourceTree = "<group>";
		};
		C9EACE3128EF67B50026635E /* FitnessCalc */ = {
			isa = PBXGroup;
			children = (
				C9EACE3328EF67C00026635E /* BmiCalc.swift */,
				C9EACE3428EF67C00026635E /* FitnessCalc.swift */,
				C9EACE3228EF67C00026635E /* HRmaxView.swift */,
				C9285F9728EFFA2E00B47F11 /* HRmaxViewModel.swift */,
				C9285F9B28F00F2800B47F11 /* BmiViewModel.swift */,
				C9285F9528EFF82F00B47F11 /* HRmaxStruct.swift */,
				C9285F9928F00E9900B47F11 /* BmiStruct.swift */,
			);
			path = FitnessCalc;
			sourceTree = "<group>";
		};
		C9EACE3828EF69E20026635E /* Calendar */ = {
			isa = PBXGroup;
			children = (
				C9EACE3B28EF6A2F0026635E /* CalendarViewProper .swift */,
				C9EACE4028EF6AD70026635E /* Model */,
				C9EACE3D28EF6ACD0026635E /* ViewModel */,
			);
			path = Calendar;
			sourceTree = "<group>";
		};
		C9EACE3D28EF6ACD0026635E /* ViewModel */ = {
			isa = PBXGroup;
			children = (
				C9EACE3E28EF6ACD0026635E /* TaskViewModel.swift */,
			);
			path = ViewModel;
			sourceTree = "<group>";
		};
		C9EACE4028EF6AD70026635E /* Model */ = {
			isa = PBXGroup;
			children = (
				C9EACE4128EF6AD70026635E /* Task.swift */,
			);
			path = Model;
			sourceTree = "<group>";
		};
/* End PBXGroup section */

/* Begin PBXNativeTarget section */
		C9EACE1628EF4B170026635E /* AcademyRecruit */ = {
			isa = PBXNativeTarget;
			buildConfigurationList = C9EACE2528EF4B180026635E /* Build configuration list for PBXNativeTarget "AcademyRecruit" */;
			buildPhases = (
				C9EACE1328EF4B170026635E /* Sources */,
				C9EACE1428EF4B170026635E /* Frameworks */,
				C9EACE1528EF4B170026635E /* Resources */,
			);
			buildRules = (
			);
			dependencies = (
			);
			name = AcademyRecruit;
			productName = AcademyRecruit;
			productReference = C9EACE1728EF4B170026635E /* AcademyRecruit.app */;
			productType = "com.apple.product-type.application";
		};
/* End PBXNativeTarget section */

/* Begin PBXProject section */
		C9EACE0F28EF4B170026635E /* Project object */ = {
			isa = PBXProject;
			attributes = {
				BuildIndependentTargetsInParallel = 1;
				LastSwiftUpdateCheck = 1400;
				LastUpgradeCheck = 1400;
				TargetAttributes = {
					C9EACE1628EF4B170026635E = {
						CreatedOnToolsVersion = 14.0.1;
					};
				};
			};
			buildConfigurationList = C9EACE1228EF4B170026635E /* Build configuration list for PBXProject "AcademyRecruit" */;
			compatibilityVersion = "Xcode 14.0";
			developmentRegion = en;
			hasScannedForEncodings = 0;
			knownRegions = (
				en,
				Base,
			);
			mainGroup = C9EACE0E28EF4B170026635E;
			productRefGroup = C9EACE1828EF4B170026635E /* Products */;
			projectDirPath = "";
			projectRoot = "";
			targets = (
				C9EACE1628EF4B170026635E /* AcademyRecruit */,
			);
		};
/* End PBXProject section */

/* Begin PBXResourcesBuildPhase section */
		C9EACE1528EF4B170026635E /* Resources */ = {
			isa = PBXResourcesBuildPhase;
			buildActionMask = 2147483647;
			files = (
				C9EACE2228EF4B180026635E /* Preview Assets.xcassets in Resources */,
				C9EACE1F28EF4B180026635E /* Assets.xcassets in Resources */,
			);
			runOnlyForDeploymentPostprocessing = 0;
		};
/* End PBXResourcesBuildPhase section */

/* Begin PBXSourcesBuildPhase section */
		C9EACE1328EF4B170026635E /* Sources */ = {
			isa = PBXSourcesBuildPhase;
			buildActionMask = 2147483647;
			files = (
				C9EACE3F28EF6ACD0026635E /* TaskViewModel.swift in Sources */,
				C9285F9C28F00F2800B47F11 /* BmiViewModel.swift in Sources */,
				C9285FB928F02A3200B47F11 /* MainPageView.swift in Sources */,
				C9285FB728F0275300B47F11 /* RankingPoints.swift in Sources */,
				C9285FC228F02E1A00B47F11 /* DeviceLocationService.swift in Sources */,
				C9EACE3728EF67C00026635E /* FitnessCalc.swift in Sources */,
				C9EACE1D28EF4B170026635E /* ContentView.swift in Sources */,
				C9285FBE28F02C7300B47F11 /* Localization.swift in Sources */,
				C9EACE2E28EF66FC0026635E /* WebView.swift in Sources */,
				C9EACE3528EF67C00026635E /* HRmaxView.swift in Sources */,
				C9285F9828EFFA2E00B47F11 /* HRmaxViewModel.swift in Sources */,
				C9285FA228F01BE700B47F11 /* MapView.swift in Sources */,
				C9EACE3628EF67C00026635E /* BmiCalc.swift in Sources */,
				C9285FA328F01BE700B47F11 /* Map.swift in Sources */,
				C9285FBF28F02C7300B47F11 /* SimulatioScoreView.swift in Sources */,
				C9EACE2C28EF66AD0026635E /* NewsView.swift in Sources */,
				C9EACE4228EF6AD70026635E /* Task.swift in Sources */,
				C9285F9E28F01B9500B47F11 /* SharedData.swift in Sources */,
				C9EACE3C28EF6A2F0026635E /* CalendarViewProper .swift in Sources */,
				C9285FB428F0274100B47F11 /* Persistance.swift in Sources */,
				C9285FB328F0274100B47F11 /* Resoults.xcdatamodeld in Sources */,
				C9285F9628EFF82F00B47F11 /* HRmaxStruct.swift in Sources */,
				C9285F9A28F00E9900B47F11 /* BmiStruct.swift in Sources */,
				C9EACE1B28EF4B170026635E /* AcademyRecruitApp.swift in Sources */,
				C9285FC028F02C7300B47F11 /* DaysTo.swift in Sources */,
				C9EACE2928EF664B0026635E /* SwipeMenuView.swift in Sources */,
				C9EACE3028EF67140026635E /* GitView.swift in Sources */,
				C9285FB528F0274100B47F11 /* DataBaseView.swift in Sources */,
			);
			runOnlyForDeploymentPostprocessing = 0;
		};
/* End PBXSourcesBuildPhase section */

/* Begin XCBuildConfiguration section */
		C9EACE2328EF4B180026635E /* Debug */ = {
			isa = XCBuildConfiguration;
			buildSettings = {
				ALWAYS_SEARCH_USER_PATHS = NO;
				CLANG_ANALYZER_NONNULL = YES;
				CLANG_ANALYZER_NUMBER_OBJECT_CONVERSION = YES_AGGRESSIVE;
				CLANG_CXX_LANGUAGE_STANDARD = "gnu++20";
				CLANG_ENABLE_MODULES = YES;
				CLANG_ENABLE_OBJC_ARC = YES;
				CLANG_ENABLE_OBJC_WEAK = YES;
				CLANG_WARN_BLOCK_CAPTURE_AUTORELEASING = YES;
				CLANG_WARN_BOOL_CONVERSION = YES;
				CLANG_WARN_COMMA = YES;
				CLANG_WARN_CONSTANT_CONVERSION = YES;
				CLANG_WARN_DEPRECATED_OBJC_IMPLEMENTATIONS = YES;
				CLANG_WARN_DIRECT_OBJC_ISA_USAGE = YES_ERROR;
				CLANG_WARN_DOCUMENTATION_COMMENTS = YES;
				CLANG_WARN_EMPTY_BODY = YES;
				CLANG_WARN_ENUM_CONVERSION = YES;
				CLANG_WARN_INFINITE_RECURSION = YES;
				CLANG_WARN_INT_CONVERSION = YES;
				CLANG_WARN_NON_LITERAL_NULL_CONVERSION = YES;
				CLANG_WARN_OBJC_IMPLICIT_RETAIN_SELF = YES;
				CLANG_WARN_OBJC_LITERAL_CONVERSION = YES;
				CLANG_WARN_OBJC_ROOT_CLASS = YES_ERROR;
				CLANG_WARN_QUOTED_INCLUDE_IN_FRAMEWORK_HEADER = YES;
				CLANG_WARN_RANGE_LOOP_ANALYSIS = YES;
				CLANG_WARN_STRICT_PROTOTYPES = YES;
				CLANG_WARN_SUSPICIOUS_MOVE = YES;
				CLANG_WARN_UNGUARDED_AVAILABILITY = YES_AGGRESSIVE;
				CLANG_WARN_UNREACHABLE_CODE = YES;
				CLANG_WARN__DUPLICATE_METHOD_MATCH = YES;
				COPY_PHASE_STRIP = NO;
				DEBUG_INFORMATION_FORMAT = dwarf;
				ENABLE_STRICT_OBJC_MSGSEND = YES;
				ENABLE_TESTABILITY = YES;
				GCC_C_LANGUAGE_STANDARD = gnu11;
				GCC_DYNAMIC_NO_PIC = NO;
				GCC_NO_COMMON_BLOCKS = YES;
				GCC_OPTIMIZATION_LEVEL = 0;
				GCC_PREPROCESSOR_DEFINITIONS = (
					"DEBUG=1",
					"$(inherited)",
				);
				GCC_WARN_64_TO_32_BIT_CONVERSION = YES;
				GCC_WARN_ABOUT_RETURN_TYPE = YES_ERROR;
				GCC_WARN_UNDECLARED_SELECTOR = YES;
				GCC_WARN_UNINITIALIZED_AUTOS = YES_AGGRESSIVE;
				GCC_WARN_UNUSED_FUNCTION = YES;
				GCC_WARN_UNUSED_VARIABLE = YES;
				IPHONEOS_DEPLOYMENT_TARGET = 16.0;
				MTL_ENABLE_DEBUG_INFO = INCLUDE_SOURCE;
				MTL_FAST_MATH = YES;
				ONLY_ACTIVE_ARCH = YES;
				SDKROOT = iphoneos;
				SWIFT_ACTIVE_COMPILATION_CONDITIONS = DEBUG;
				SWIFT_OPTIMIZATION_LEVEL = "-Onone";
			};
			name = Debug;
		};
		C9EACE2428EF4B180026635E /* Release */ = {
			isa = XCBuildConfiguration;
			buildSettings = {
				ALWAYS_SEARCH_USER_PATHS = NO;
				CLANG_ANALYZER_NONNULL = YES;
				CLANG_ANALYZER_NUMBER_OBJECT_CONVERSION = YES_AGGRESSIVE;
				CLANG_CXX_LANGUAGE_STANDARD = "gnu++20";
				CLANG_ENABLE_MODULES = YES;
				CLANG_ENABLE_OBJC_ARC = YES;
				CLANG_ENABLE_OBJC_WEAK = YES;
				CLANG_WARN_BLOCK_CAPTURE_AUTORELEASING = YES;
				CLANG_WARN_BOOL_CONVERSION = YES;
				CLANG_WARN_COMMA = YES;
				CLANG_WARN_CONSTANT_CONVERSION = YES;
				CLANG_WARN_DEPRECATED_OBJC_IMPLEMENTATIONS = YES;
				CLANG_WARN_DIRECT_OBJC_ISA_USAGE = YES_ERROR;
				CLANG_WARN_DOCUMENTATION_COMMENTS = YES;
				CLANG_WARN_EMPTY_BODY = YES;
				CLANG_WARN_ENUM_CONVERSION = YES;
				CLANG_WARN_INFINITE_RECURSION = YES;
				CLANG_WARN_INT_CONVERSION = YES;
				CLANG_WARN_NON_LITERAL_NULL_CONVERSION = YES;
				CLANG_WARN_OBJC_IMPLICIT_RETAIN_SELF = YES;
				CLANG_WARN_OBJC_LITERAL_CONVERSION = YES;
				CLANG_WARN_OBJC_ROOT_CLASS = YES_ERROR;
				CLANG_WARN_QUOTED_INCLUDE_IN_FRAMEWORK_HEADER = YES;
				CLANG_WARN_RANGE_LOOP_ANALYSIS = YES;
				CLANG_WARN_STRICT_PROTOTYPES = YES;
				CLANG_WARN_SUSPICIOUS_MOVE = YES;
				CLANG_WARN_UNGUARDED_AVAILABILITY = YES_AGGRESSIVE;
				CLANG_WARN_UNREACHABLE_CODE = YES;
				CLANG_WARN__DUPLICATE_METHOD_MATCH = YES;
				COPY_PHASE_STRIP = NO;
				DEBUG_INFORMATION_FORMAT = "dwarf-with-dsym";
				ENABLE_NS_ASSERTIONS = NO;
				ENABLE_STRICT_OBJC_MSGSEND = YES;
				GCC_C_LANGUAGE_STANDARD = gnu11;
				GCC_NO_COMMON_BLOCKS = YES;
				GCC_WARN_64_TO_32_BIT_CONVERSION = YES;
				GCC_WARN_ABOUT_RETURN_TYPE = YES_ERROR;
				GCC_WARN_UNDECLARED_SELECTOR = YES;
				GCC_WARN_UNINITIALIZED_AUTOS = YES_AGGRESSIVE;
				GCC_WARN_UNUSED_FUNCTION = YES;
				GCC_WARN_UNUSED_VARIABLE = YES;
				IPHONEOS_DEPLOYMENT_TARGET = 16.0;
				MTL_ENABLE_DEBUG_INFO = NO;
				MTL_FAST_MATH = YES;
				SDKROOT = iphoneos;
				SWIFT_COMPILATION_MODE = wholemodule;
				SWIFT_OPTIMIZATION_LEVEL = "-O";
				VALIDATE_PRODUCT = YES;
			};
			name = Release;
		};
		C9EACE2628EF4B180026635E /* Debug */ = {
			isa = XCBuildConfiguration;
			buildSettings = {
				ASSETCATALOG_COMPILER_APPICON_NAME = AppIcon;
				ASSETCATALOG_COMPILER_GLOBAL_ACCENT_COLOR_NAME = AccentColor;
				CODE_SIGN_STYLE = Automatic;
				CURRENT_PROJECT_VERSION = 1;
				DEVELOPMENT_ASSET_PATHS = "\"AcademyRecruit/Preview Content\"";
				DEVELOPMENT_TEAM = WYYD435V93;
				ENABLE_PREVIEWS = YES;
				GENERATE_INFOPLIST_FILE = YES;
				INFOPLIST_KEY_NSLocationWhenInUseUsageDescription = "Let app see your location";
				INFOPLIST_KEY_UIApplicationSceneManifest_Generation = YES;
				INFOPLIST_KEY_UIApplicationSupportsIndirectInputEvents = YES;
				INFOPLIST_KEY_UILaunchScreen_Generation = YES;
				INFOPLIST_KEY_UISupportedInterfaceOrientations_iPad = "UIInterfaceOrientationPortrait UIInterfaceOrientationPortraitUpsideDown UIInterfaceOrientationLandscapeLeft UIInterfaceOrientationLandscapeRight";
				INFOPLIST_KEY_UISupportedInterfaceOrientations_iPhone = "UIInterfaceOrientationPortrait UIInterfaceOrientationLandscapeLeft UIInterfaceOrientationLandscapeRight";
				LD_RUNPATH_SEARCH_PATHS = (
					"$(inherited)",
					"@executable_path/Frameworks",
				);
				MARKETING_VERSION = 1.0;
				PRODUCT_BUNDLE_IDENTIFIER = com.Cj.AcademyRecruit;
				PRODUCT_NAME = "$(TARGET_NAME)";
				SWIFT_EMIT_LOC_STRINGS = YES;
				SWIFT_VERSION = 5.0;
				TARGETED_DEVICE_FAMILY = "1,2";
			};
			name = Debug;
		};
		C9EACE2728EF4B180026635E /* Release */ = {
			isa = XCBuildConfiguration;
			buildSettings = {
				ASSETCATALOG_COMPILER_APPICON_NAME = AppIcon;
				ASSETCATALOG_COMPILER_GLOBAL_ACCENT_COLOR_NAME = AccentColor;
				CODE_SIGN_STYLE = Automatic;
				CURRENT_PROJECT_VERSION = 1;
				DEVELOPMENT_ASSET_PATHS = "\"AcademyRecruit/Preview Content\"";
				DEVELOPMENT_TEAM = WYYD435V93;
				ENABLE_PREVIEWS = YES;
				GENERATE_INFOPLIST_FILE = YES;
				INFOPLIST_KEY_NSLocationWhenInUseUsageDescription = "Let app see your location";
				INFOPLIST_KEY_UIApplicationSceneManifest_Generation = YES;
				INFOPLIST_KEY_UIApplicationSupportsIndirectInputEvents = YES;
				INFOPLIST_KEY_UILaunchScreen_Generation = YES;
				INFOPLIST_KEY_UISupportedInterfaceOrientations_iPad = "UIInterfaceOrientationPortrait UIInterfaceOrientationPortraitUpsideDown UIInterfaceOrientationLandscapeLeft UIInterfaceOrientationLandscapeRight";
				INFOPLIST_KEY_UISupportedInterfaceOrientations_iPhone = "UIInterfaceOrientationPortrait UIInterfaceOrientationLandscapeLeft UIInterfaceOrientationLandscapeRight";
				LD_RUNPATH_SEARCH_PATHS = (
					"$(inherited)",
					"@executable_path/Frameworks",
				);
				MARKETING_VERSION = 1.0;
				PRODUCT_BUNDLE_IDENTIFIER = com.Cj.AcademyRecruit;
				PRODUCT_NAME = "$(TARGET_NAME)";
				SWIFT_EMIT_LOC_STRINGS = YES;
				SWIFT_VERSION = 5.0;
				TARGETED_DEVICE_FAMILY = "1,2";
			};
			name = Release;
		};
/* End XCBuildConfiguration section */

/* Begin XCConfigurationList section */
		C9EACE1228EF4B170026635E /* Build configuration list for PBXProject "AcademyRecruit" */ = {
			isa = XCConfigurationList;
			buildConfigurations = (
				C9EACE2328EF4B180026635E /* Debug */,
				C9EACE2428EF4B180026635E /* Release */,
			);
			defaultConfigurationIsVisible = 0;
			defaultConfigurationName = Release;
		};
		C9EACE2528EF4B180026635E /* Build configuration list for PBXNativeTarget "AcademyRecruit" */ = {
			isa = XCConfigurationList;
			buildConfigurations = (
				C9EACE2628EF4B180026635E /* Debug */,
				C9EACE2728EF4B180026635E /* Release */,
			);
			defaultConfigurationIsVisible = 0;
			defaultConfigurationName = Release;
		};
/* End XCConfigurationList section */

/* Begin XCVersionGroup section */
		C9285FAF28F0274100B47F11 /* Resoults.xcdatamodeld */ = {
			isa = XCVersionGroup;
			children = (
				C9285FB028F0274100B47F11 /* Resoults.xcdatamodel */,
			);
			currentVersion = C9285FB028F0274100B47F11 /* Resoults.xcdatamodel */;
			path = Resoults.xcdatamodeld;
			sourceTree = "<group>";
			versionGroupType = wrapper.xcdatamodel;
		};
/* End XCVersionGroup section */
	};
	rootObject = C9EACE0F28EF4B170026635E /* Project object */;
}
